
Microsoft Visual Studio Solution File, Format Version 12.00
# Visual Studio Version 17
VisualStudioVersion = 17.5.002.0
MinimumVisualStudioVersion = 10.0.40219.1
Project("{9A19103F-16F7-4668-BE54-9A1E7A4F7556}") = "PdfReaderApp", "PdfReaderApp\PdfReaderApp.csproj", "{0C376D74-9DA9-4ACE-A715-31BCFDF279F8}"
EndProject
Global
	GlobalSection(SolutionConfigurationPlatforms) = preSolution
		Debug|Any CPU = Debug|Any CPU
		Release|Any CPU = Release|Any CPU
	EndGlobalSection
	GlobalSection(ProjectConfigurationPlatforms) = postSolution
		{0C376D74-9DA9-4ACE-A715-31BCFDF279F8}.Debug|Any CPU.ActiveCfg = Debug|Any CPU
		{0C376D74-9DA9-4ACE-A715-31BCFDF279F8}.Debug|Any CPU.Build.0 = Debug|Any CPU
		{0C376D74-9DA9-4ACE-A715-31BCFDF279F8}.Release|Any CPU.ActiveCfg = Release|Any CPU
		{0C376D74-9DA9-4ACE-A715-31BCFDF279F8}.Release|Any CPU.Build.0 = Release|Any CPU
	EndGlobalSection
	GlobalSection(SolutionProperties) = preSolution
		HideSolutionNode = FALSE
	EndGlobalSection
	GlobalSection(ExtensibilityGlobals) = postSolution
		SolutionGuid = {DB5ED3E8-7827-4325-B477-99539A2D9E7A}
	EndGlobalSection
EndGlobal
